
Microsoft Visual Studio Solution File, Format Version 12.00
# Visual Studio Version 17
VisualStudioVersion = 17.6.33829.357
MinimumVisualStudioVersion = 10.0.40219.1
Project("{FAE04EC0-301F-11D3-BF4B-00C04F79EFBC}") = "ConvertisseurWS", "ConvertisseurWS\ConvertisseurWS.csproj", "{843817B2-E67B-4141-B577-6F1B008CCBE2}"
EndProject
Global
	GlobalSection(SolutionConfigurationPlatforms) = preSolution
		Debug|Any CPU = Debug|Any CPU
		Release|Any CPU = Release|Any CPU
	EndGlobalSection
	GlobalSection(ProjectConfigurationPlatforms) = postSolution
		{843817B2-E67B-4141-B577-6F1B008CCBE2}.Debug|Any CPU.ActiveCfg = Debug|Any CPU
		{843817B2-E67B-4141-B577-6F1B008CCBE2}.Debug|Any CPU.Build.0 = Debug|Any CPU
		{843817B2-E67B-4141-B577-6F1B008CCBE2}.Release|Any CPU.ActiveCfg = Release|Any CPU
		{843817B2-E67B-4141-B577-6F1B008CCBE2}.Release|Any CPU.Build.0 = Release|Any CPU
	EndGlobalSection
	GlobalSection(SolutionProperties) = preSolution
		HideSolutionNode = FALSE
	EndGlobalSection
	GlobalSection(ExtensibilityGlobals) = postSolution
		SolutionGuid = {EBA9E54F-82B8-45D3-B46F-7D5F5D8ED364}
	EndGlobalSection
EndGlobal
